
Microsoft Visual Studio Solution File, Format Version 12.00
# Visual Studio Version 16
VisualStudioVersion = 16.0.31424.327
MinimumVisualStudioVersion = 10.0.40219.1
Project("{FAE04EC0-301F-11D3-BF4B-00C04F79EFBC}") = "homework8.3", "homework8.3\homework8.3.csproj", "{902677C6-E706-4E9A-AD39-4165FB244076}"
EndProject
Global
	GlobalSection(SolutionConfigurationPlatforms) = preSolution
		Debug|Any CPU = Debug|Any CPU
		Release|Any CPU = Release|Any CPU
	EndGlobalSection
	GlobalSection(ProjectConfigurationPlatforms) = postSolution
		{902677C6-E706-4E9A-AD39-4165FB244076}.Debug|Any CPU.ActiveCfg = Debug|Any CPU
		{902677C6-E706-4E9A-AD39-4165FB244076}.Debug|Any CPU.Build.0 = Debug|Any CPU
		{902677C6-E706-4E9A-AD39-4165FB244076}.Release|Any CPU.ActiveCfg = Release|Any CPU
		{902677C6-E706-4E9A-AD39-4165FB244076}.Release|Any CPU.Build.0 = Release|Any CPU
	EndGlobalSection
	GlobalSection(SolutionProperties) = preSolution
		HideSolutionNode = FALSE
	EndGlobalSection
	GlobalSection(ExtensibilityGlobals) = postSolution
		SolutionGuid = {E92F55FA-1B9D-4B68-B5F3-5F8A656172D5}
	EndGlobalSection
EndGlobal
